
Microsoft Visual Studio Solution File, Format Version 12.00
# Visual Studio Version 16
VisualStudioVersion = 16.0.29102.190
MinimumVisualStudioVersion = 10.0.40219.1
Project("{FAE04EC0-301F-11D3-BF4B-00C04F79EFBC}") = "ReminderProjectConsole(.NETFRAMEWORK)", "ReminderProjectConsole(.NETFRAMEWORK)\ReminderProjectConsole(.NETFRAMEWORK).csproj", "{7424A10A-7045-4E48-88C0-A7B9C07F0818}"
EndProject
Global
	GlobalSection(SolutionConfigurationPlatforms) = preSolution
		Debug|Any CPU = Debug|Any CPU
		Release|Any CPU = Release|Any CPU
	EndGlobalSection
	GlobalSection(ProjectConfigurationPlatforms) = postSolution
		{7424A10A-7045-4E48-88C0-A7B9C07F0818}.Debug|Any CPU.ActiveCfg = Debug|Any CPU
		{7424A10A-7045-4E48-88C0-A7B9C07F0818}.Debug|Any CPU.Build.0 = Debug|Any CPU
		{7424A10A-7045-4E48-88C0-A7B9C07F0818}.Release|Any CPU.ActiveCfg = Release|Any CPU
		{7424A10A-7045-4E48-88C0-A7B9C07F0818}.Release|Any CPU.Build.0 = Release|Any CPU
	EndGlobalSection
	GlobalSection(SolutionProperties) = preSolution
		HideSolutionNode = FALSE
	EndGlobalSection
	GlobalSection(ExtensibilityGlobals) = postSolution
		SolutionGuid = {E15C6328-D7B8-482D-BCF7-F4C8A804358D}
	EndGlobalSection
EndGlobal
